# THIS IS AN AUTOGENERATED FILE. DO NOT EDIT THIS FILE DIRECTLY.
# yarn lockfile v1


"@esbuild/android-arm64@0.16.12":
  version "0.16.12"
  resolved "https://registry.yarnpkg.com/@esbuild/android-arm64/-/android-arm64-0.16.12.tgz#86c4fdd7c0d65fe9dcbe138fbe72720658ec3b88"
  integrity sha512-0LacmiIW+X0/LOLMZqYtZ7d4uY9fxYABAYhSSOu+OGQVBqH4N5eIYgkT7bBFnR4Nm3qo6qS3RpHKVrDASqj/uQ==

"@esbuild/android-arm@0.16.12":
  version "0.16.12"
  resolved "https://registry.yarnpkg.com/@esbuild/android-arm/-/android-arm-0.16.12.tgz#15e33bb1c8c2f560fbb27cda227c0fa22d83d0ef"
  integrity sha512-CTWgMJtpCyCltrvipZrrcjjRu+rzm6pf9V8muCsJqtKujR3kPmU4ffbckvugNNaRmhxAF1ZI3J+0FUIFLFg8KA==

"@esbuild/android-x64@0.16.12":
  version "0.16.12"
  resolved "https://registry.yarnpkg.com/@esbuild/android-x64/-/android-x64-0.16.12.tgz#3b0ddaf59fdf94e8e9fcb2aa6537cbab93d5fe22"
  integrity sha512-sS5CR3XBKQXYpSGMM28VuiUnbX83Z+aWPZzClW+OB2JquKqxoiwdqucJ5qvXS8pM6Up3RtJfDnRQZkz3en2z5g==

"@esbuild/darwin-arm64@0.16.12":
  version "0.16.12"
  resolved "https://registry.yarnpkg.com/@esbuild/darwin-arm64/-/darwin-arm64-0.16.12.tgz#ac6c5d85cabf20de5047b55eab7f3c252d9aae71"
  integrity sha512-Dpe5hOAQiQRH20YkFAg+wOpcd4PEuXud+aGgKBQa/VriPJA8zuVlgCOSTwna1CgYl05lf6o5els4dtuyk1qJxQ==

"@esbuild/darwin-x64@0.16.12":
  version "0.16.12"
  resolved "https://registry.yarnpkg.com/@esbuild/darwin-x64/-/darwin-x64-0.16.12.tgz#3433e6432dd474994302bcfe35c5420fae46a206"
  integrity sha512-ApGRA6X5txIcxV0095X4e4KKv87HAEXfuDRcGTniDWUUN+qPia8sl/BqG/0IomytQWajnUn4C7TOwHduk/FXBQ==

"@esbuild/freebsd-arm64@0.16.12":
  version "0.16.12"
  resolved "https://registry.yarnpkg.com/@esbuild/freebsd-arm64/-/freebsd-arm64-0.16.12.tgz#b150587dc54dc2369cb826e6ee9f94fc5ec14635"
  integrity sha512-AMdK2gA9EU83ccXCWS1B/KcWYZCj4P3vDofZZkl/F/sBv/fphi2oUqUTox/g5GMcIxk8CF1CVYTC82+iBSyiUg==

"@esbuild/freebsd-x64@0.16.12":
  version "0.16.12"
  resolved "https://registry.yarnpkg.com/@esbuild/freebsd-x64/-/freebsd-x64-0.16.12.tgz#e682a61cde8d6332aaeb4c2b28fce0d833928903"
  integrity sha512-KUKB9w8G/xaAbD39t6gnRBuhQ8vIYYlxGT2I+mT6UGRnCGRr1+ePFIGBQmf5V16nxylgUuuWVW1zU2ktKkf6WQ==

"@esbuild/linux-arm64@0.16.12":
  version "0.16.12"
  resolved "https://registry.yarnpkg.com/@esbuild/linux-arm64/-/linux-arm64-0.16.12.tgz#d0d75e10796d4f1414ecaf16a8071ce05446cb9f"
  integrity sha512-29HXMLpLklDfmw7T2buGqq3HImSUaZ1ArmrPOMaNiZZQptOSZs32SQtOHEl8xWX5vfdwZqrBfNf8Te4nArVzKQ==

"@esbuild/linux-arm@0.16.12":
  version "0.16.12"
  resolved "https://registry.yarnpkg.com/@esbuild/linux-arm/-/linux-arm-0.16.12.tgz#945ebcd99205fadea5ee22bff624189bd95c0484"
  integrity sha512-vhDdIv6z4eL0FJyNVfdr3C/vdd/Wc6h1683GJsFoJzfKb92dU/v88FhWdigg0i6+3TsbSDeWbsPUXb4dif2abg==

"@esbuild/linux-ia32@0.16.12":
  version "0.16.12"
  resolved "https://registry.yarnpkg.com/@esbuild/linux-ia32/-/linux-ia32-0.16.12.tgz#132e61b2124eee6033bf7f0d5b312c02524d39db"
  integrity sha512-JFDuNDTTfgD1LJg7wHA42o2uAO/9VzHYK0leAVnCQE/FdMB599YMH73ux+nS0xGr79pv/BK+hrmdRin3iLgQjg==

"@esbuild/linux-loong64@0.16.12":
  version "0.16.12"
  resolved "https://registry.yarnpkg.com/@esbuild/linux-loong64/-/linux-loong64-0.16.12.tgz#d27dc1e203c0d0516c1daadb7988f88b643f8ea2"
  integrity sha512-xTGzVPqm6WKfCC0iuj1fryIWr1NWEM8DMhAIo+4rFgUtwy/lfHl+Obvus4oddzRDbBetLLmojfVZGmt/g/g+Rw==

"@esbuild/linux-mips64el@0.16.12":
  version "0.16.12"
  resolved "https://registry.yarnpkg.com/@esbuild/linux-mips64el/-/linux-mips64el-0.16.12.tgz#9616c378ca76f12d06ffaf242da68a58be966a18"
  integrity sha512-zI1cNgHa3Gol+vPYjIYHzKhU6qMyOQrvZ82REr5Fv7rlh5PG6SkkuCoH7IryPqR+BK2c/7oISGsvPJPGnO2bHQ==

"@esbuild/linux-ppc64@0.16.12":
  version "0.16.12"
  resolved "https://registry.yarnpkg.com/@esbuild/linux-ppc64/-/linux-ppc64-0.16.12.tgz#b033a248212249c05c162b64124744345a041f92"
  integrity sha512-/C8OFXExoMmvTDIOAM54AhtmmuDHKoedUd0Otpfw3+AuuVGemA1nQK99oN909uZbLEU6Bi+7JheFMG3xGfZluQ==

"@esbuild/linux-riscv64@0.16.12":
  version "0.16.12"
  resolved "https://registry.yarnpkg.com/@esbuild/linux-riscv64/-/linux-riscv64-0.16.12.tgz#b6476abff413b5b472e6cf093086b9d5be4553a8"
  integrity sha512-qeouyyc8kAGV6Ni6Isz8hUsKMr00EHgVwUKWNp1r4l88fHEoNTDB8mmestvykW6MrstoGI7g2EAsgr0nxmuGYg==

"@esbuild/linux-s390x@0.16.12":
  version "0.16.12"
  resolved "https://registry.yarnpkg.com/@esbuild/linux-s390x/-/linux-s390x-0.16.12.tgz#981a639f8c2a2e0646f47eba0fae7c2c270b208b"
  integrity sha512-s9AyI/5vz1U4NNqnacEGFElqwnHusWa81pskAf8JNDM2eb6b2E6PpBmT8RzeZv6/TxE6/TADn2g9bb0jOUmXwQ==

"@esbuild/linux-x64@0.16.12":
  version "0.16.12"
  resolved "https://registry.yarnpkg.com/@esbuild/linux-x64/-/linux-x64-0.16.12.tgz#01b777229d8baf068eeeb7cd7c396aea4d1ebd36"
  integrity sha512-e8YA7GQGLWhvakBecLptUiKxOk4E/EPtSckS1i0MGYctW8ouvNUoh7xnU15PGO2jz7BYl8q1R6g0gE5HFtzpqQ==

"@esbuild/netbsd-x64@0.16.12":
  version "0.16.12"
  resolved "https://registry.yarnpkg.com/@esbuild/netbsd-x64/-/netbsd-x64-0.16.12.tgz#6d4b9de7dc3ac99bf04653fe640b3be63c57b1aa"
  integrity sha512-z2+kUxmOqBS+6SRVd57iOLIHE8oGOoEnGVAmwjm2aENSP35HPS+5cK+FL1l+rhrsJOFIPrNHqDUNechpuG96Sg==

"@esbuild/openbsd-x64@0.16.12":
  version "0.16.12"
  resolved "https://registry.yarnpkg.com/@esbuild/openbsd-x64/-/openbsd-x64-0.16.12.tgz#2a28010b1848466586d5e2189e9f1b8334b65708"
  integrity sha512-PAonw4LqIybwn2/vJujhbg1N9W2W8lw9RtXIvvZoyzoA/4rA4CpiuahVbASmQohiytRsixbNoIOUSjRygKXpyA==

"@esbuild/sunos-x64@0.16.12":
  version "0.16.12"
  resolved "https://registry.yarnpkg.com/@esbuild/sunos-x64/-/sunos-x64-0.16.12.tgz#3ee120008cc759d604825dd25501152071ef30f0"
  integrity sha512-+wr1tkt1RERi+Zi/iQtkzmMH4nS8+7UIRxjcyRz7lur84wCkAITT50Olq/HiT4JN2X2bjtlOV6vt7ptW5Gw60Q==

"@esbuild/win32-arm64@0.16.12":
  version "0.16.12"
  resolved "https://registry.yarnpkg.com/@esbuild/win32-arm64/-/win32-arm64-0.16.12.tgz#8c599a91f1c55b3df304c450ac0613855c10502e"
  integrity sha512-XEjeUSHmjsAOJk8+pXJu9pFY2O5KKQbHXZWQylJzQuIBeiGrpMeq9sTVrHefHxMOyxUgoKQTcaTS+VK/K5SviA==

"@esbuild/win32-ia32@0.16.12":
  version "0.16.12"
  resolved "https://registry.yarnpkg.com/@esbuild/win32-ia32/-/win32-ia32-0.16.12.tgz#102b5a44b514f8849a10cc4cc618c60c70a4c536"
  integrity sha512-eRKPM7e0IecUAUYr2alW7JGDejrFJXmpjt4MlfonmQ5Rz9HWpKFGCjuuIRgKO7W9C/CWVFXdJ2GjddsBXqQI4A==

"@esbuild/win32-x64@0.16.12":
  version "0.16.12"
  resolved "https://registry.yarnpkg.com/@esbuild/win32-x64/-/win32-x64-0.16.12.tgz#31197bb509049b63c059c4808ac58e66fdff7479"
  integrity sha512-iPYKN78t3op2+erv2frW568j1q0RpqX6JOLZ7oPPaAV1VaF7dDstOrNw37PVOYoTWE11pV4A1XUitpdEFNIsPg==

"@octokit/auth-token@^3.0.0":
  version "3.0.2"
  resolved "https://registry.yarnpkg.com/@octokit/auth-token/-/auth-token-3.0.2.tgz#a0fc8de149fd15876e1ac78f6525c1c5ab48435f"
  integrity sha512-pq7CwIMV1kmzkFTimdwjAINCXKTajZErLB4wMLYapR2nuB/Jpr66+05wOTZMSCBXP6n4DdDWT2W19Bm17vU69Q==
  dependencies:
    "@octokit/types" "^8.0.0"

"@octokit/core@^4.1.0":
  version "4.1.0"
  resolved "https://registry.yarnpkg.com/@octokit/core/-/core-4.1.0.tgz#b6b03a478f1716de92b3f4ec4fd64d05ba5a9251"
  integrity sha512-Czz/59VefU+kKDy+ZfDwtOIYIkFjExOKf+HA92aiTZJ6EfWpFzYQWw0l54ji8bVmyhc+mGaLUbSUmXazG7z5OQ==
  dependencies:
    "@octokit/auth-token" "^3.0.0"
    "@octokit/graphql" "^5.0.0"
    "@octokit/request" "^6.0.0"
    "@octokit/request-error" "^3.0.0"
    "@octokit/types" "^8.0.0"
    before-after-hook "^2.2.0"
    universal-user-agent "^6.0.0"

"@octokit/endpoint@^7.0.0":
  version "7.0.3"
  resolved "https://registry.yarnpkg.com/@octokit/endpoint/-/endpoint-7.0.3.tgz#0b96035673a9e3bedf8bab8f7335de424a2147ed"
  integrity sha512-57gRlb28bwTsdNXq+O3JTQ7ERmBTuik9+LelgcLIVfYwf235VHbN9QNo4kXExtp/h8T423cR5iJThKtFYxC7Lw==
  dependencies:
    "@octokit/types" "^8.0.0"
    is-plain-object "^5.0.0"
    universal-user-agent "^6.0.0"

"@octokit/graphql@^5.0.0":
  version "5.0.4"
  resolved "https://registry.yarnpkg.com/@octokit/graphql/-/graphql-5.0.4.tgz#519dd5c05123868276f3ae4e50ad565ed7dff8c8"
  integrity sha512-amO1M5QUQgYQo09aStR/XO7KAl13xpigcy/kI8/N1PnZYSS69fgte+xA4+c2DISKqUZfsh0wwjc2FaCt99L41A==
  dependencies:
    "@octokit/request" "^6.0.0"
    "@octokit/types" "^8.0.0"
    universal-user-agent "^6.0.0"

"@octokit/openapi-types@^14.0.0":
  version "14.0.0"
  resolved "https://registry.yarnpkg.com/@octokit/openapi-types/-/openapi-types-14.0.0.tgz#949c5019028c93f189abbc2fb42f333290f7134a"
  integrity sha512-HNWisMYlR8VCnNurDU6os2ikx0s0VyEjDYHNS/h4cgb8DeOxQ0n72HyinUtdDVxJhFy3FWLGl0DJhfEWk3P5Iw==

"@octokit/plugin-paginate-rest@^5.0.0":
  version "5.0.1"
  resolved "https://registry.yarnpkg.com/@octokit/plugin-paginate-rest/-/plugin-paginate-rest-5.0.1.tgz#93d7e74f1f69d68ba554fa6b888c2a9cf1f99a83"
  integrity sha512-7A+rEkS70pH36Z6JivSlR7Zqepz3KVucEFVDnSrgHXzG7WLAzYwcHZbKdfTXHwuTHbkT1vKvz7dHl1+HNf6Qyw==
  dependencies:
    "@octokit/types" "^8.0.0"

"@octokit/plugin-request-log@^1.0.4":
  version "1.0.4"
  resolved "https://registry.yarnpkg.com/@octokit/plugin-request-log/-/plugin-request-log-1.0.4.tgz#5e50ed7083a613816b1e4a28aeec5fb7f1462e85"
  integrity sha512-mLUsMkgP7K/cnFEw07kWqXGF5LKrOkD+lhCrKvPHXWDywAwuDUeDwWBpc69XK3pNX0uKiVt8g5z96PJ6z9xCFA==

"@octokit/plugin-rest-endpoint-methods@^6.7.0":
  version "6.7.0"
  resolved "https://registry.yarnpkg.com/@octokit/plugin-rest-endpoint-methods/-/plugin-rest-endpoint-methods-6.7.0.tgz#2f6f17f25b6babbc8b41d2bb0a95a8839672ce7c"
  integrity sha512-orxQ0fAHA7IpYhG2flD2AygztPlGYNAdlzYz8yrD8NDgelPfOYoRPROfEyIe035PlxvbYrgkfUZIhSBKju/Cvw==
  dependencies:
    "@octokit/types" "^8.0.0"
    deprecation "^2.3.1"

"@octokit/request-error@^3.0.0":
  version "3.0.2"
  resolved "https://registry.yarnpkg.com/@octokit/request-error/-/request-error-3.0.2.tgz#f74c0f163d19463b87528efe877216c41d6deb0a"
  integrity sha512-WMNOFYrSaX8zXWoJg9u/pKgWPo94JXilMLb2VManNOby9EZxrQaBe/QSC4a1TzpAlpxofg2X/jMnCyZgL6y7eg==
  dependencies:
    "@octokit/types" "^8.0.0"
    deprecation "^2.0.0"
    once "^1.4.0"

"@octokit/request@^6.0.0":
  version "6.2.2"
  resolved "https://registry.yarnpkg.com/@octokit/request/-/request-6.2.2.tgz#a2ba5ac22bddd5dcb3f539b618faa05115c5a255"
  integrity sha512-6VDqgj0HMc2FUX2awIs+sM6OwLgwHvAi4KCK3mT2H2IKRt6oH9d0fej5LluF5mck1lRR/rFWN0YIDSYXYSylbw==
  dependencies:
    "@octokit/endpoint" "^7.0.0"
    "@octokit/request-error" "^3.0.0"
    "@octokit/types" "^8.0.0"
    is-plain-object "^5.0.0"
    node-fetch "^2.6.7"
    universal-user-agent "^6.0.0"

"@octokit/rest@^19.0.5":
  version "19.0.5"
  resolved "https://registry.yarnpkg.com/@octokit/rest/-/rest-19.0.5.tgz#4dbde8ae69b27dca04b5f1d8119d282575818f6c"
  integrity sha512-+4qdrUFq2lk7Va+Qff3ofREQWGBeoTKNqlJO+FGjFP35ZahP+nBenhZiGdu8USSgmq4Ky3IJ/i4u0xbLqHaeow==
  dependencies:
    "@octokit/core" "^4.1.0"
    "@octokit/plugin-paginate-rest" "^5.0.0"
    "@octokit/plugin-request-log" "^1.0.4"
    "@octokit/plugin-rest-endpoint-methods" "^6.7.0"

"@octokit/types@^8.0.0":
  version "8.0.0"
  resolved "https://registry.yarnpkg.com/@octokit/types/-/types-8.0.0.tgz#93f0b865786c4153f0f6924da067fe0bb7426a9f"
  integrity sha512-65/TPpOJP1i3K4lBJMnWqPUJ6zuOtzhtagDvydAWbEXpbFYA0oMKKyLb95NFZZP0lSh/4b6K+DQlzvYQJQQePg==
  dependencies:
    "@octokit/openapi-types" "^14.0.0"

"@rollup/pluginutils@^4.0.0":
  version "4.2.1"
  resolved "https://registry.yarnpkg.com/@rollup/pluginutils/-/pluginutils-4.2.1.tgz#e6c6c3aba0744edce3fb2074922d3776c0af2a6d"
  integrity sha512-iKnFXr7NkdZAIHiIWE+BX5ULi/ucVFYWD6TbAV+rZctiRTY2PL6tsIKhoIOaoskiWAkgu+VsbXgUVDNLHf+InQ==
  dependencies:
    estree-walker "^2.0.1"
    picomatch "^2.2.2"

"@swc/core-darwin-arm64@1.3.24":
  version "1.3.24"
  resolved "https://registry.yarnpkg.com/@swc/core-darwin-arm64/-/core-darwin-arm64-1.3.24.tgz#d41fc574cb5049def9001903680fdd924f065052"
  integrity sha512-rR+9UpWm+fGXcipsjCst2hIL1GYIbo0YTLhJZWdIpQD6KRHHJMFXiydMgQQkDj2Ml7HpqUVgxj6m4ZWYL8b0OA==

"@swc/core-darwin-x64@1.3.24":
  version "1.3.24"
  resolved "https://registry.yarnpkg.com/@swc/core-darwin-x64/-/core-darwin-x64-1.3.24.tgz#0f7a3960b91cbd7f95f25542b29d0e08bde4f59d"
  integrity sha512-px+5vkGtgPH0m3FkkTBHynlRdS5rRz+lK+wiXIuBZFJSySWFl6RkKbvwkD+sf0MpazQlqwlv/rTOGJBw6oDffg==

"@swc/core-linux-arm-gnueabihf@1.3.24":
  version "1.3.24"
  resolved "https://registry.yarnpkg.com/@swc/core-linux-arm-gnueabihf/-/core-linux-arm-gnueabihf-1.3.24.tgz#a0fdd97b8341806b57290217830a5d1ab7d0b193"
  integrity sha512-jLs8ZOdTV4UW4J12E143QJ4mOMONQtqgAnuhBbRuWFzQ3ny1dfoC3P1jNWAJ2Xi59XdxAIXn0PggPNH4Kh34kw==

"@swc/core-linux-arm64-gnu@1.3.24":
  version "1.3.24"
  resolved "https://registry.yarnpkg.com/@swc/core-linux-arm64-gnu/-/core-linux-arm64-gnu-1.3.24.tgz#0536d03e12dd471ebafc180599488404aebb65cf"
  integrity sha512-A/v0h70BekrwGpp1DlzIFGcHQ3QQ2PexXcnnuIBZeMc9gNmHlcZmg3EcwAnaUDiokhNuSUFA/wV94yk1OqmSkw==

"@swc/core-linux-arm64-musl@1.3.24":
  version "1.3.24"
  resolved "https://registry.yarnpkg.com/@swc/core-linux-arm64-musl/-/core-linux-arm64-musl-1.3.24.tgz#54f46ffea1bf6ffcbe7c62037efaefdfb5115214"
  integrity sha512-pbc9eArWPTiMrbpS/pJo0IiQNAKAQBcBIDjWBGP1tcw2iDXYLw4bruwz9kI/VjakbshWb8MoE4T5ClkeuULvSw==

"@swc/core-linux-x64-gnu@1.3.24":
  version "1.3.24"
  resolved "https://registry.yarnpkg.com/@swc/core-linux-x64-gnu/-/core-linux-x64-gnu-1.3.24.tgz#c2b5cef83f8afd2a57d0eafbac083562d50cd0e6"
  integrity sha512-pP5pOLlY1xd352qo7rTlpVPUI9/9VhOd4b3Lk+LzfZDq9bTL2NDlGfyrPiwa5DGHMSzrugH56K2J68eutkxYVA==

"@swc/core-linux-x64-musl@1.3.24":
  version "1.3.24"
  resolved "https://registry.yarnpkg.com/@swc/core-linux-x64-musl/-/core-linux-x64-musl-1.3.24.tgz#3459d01f9bf745568a4196c1993987f3d4a98303"
  integrity sha512-phNbP7zGp+Wcyxq1Qxlpe5KkxO7WLT2kVQUC7aDFGlVdCr+xdXsfH1MzheHtnr0kqTVQX1aiM8XXXHfFxR0oNA==

"@swc/core-win32-arm64-msvc@1.3.24":
  version "1.3.24"
  resolved "https://registry.yarnpkg.com/@swc/core-win32-arm64-msvc/-/core-win32-arm64-msvc-1.3.24.tgz#85a18c844c00d66bf46db99d9c98e9550b4d28f5"
  integrity sha512-qhbiJTWAOqyR+K9xnGmCkOWSz2EmWpDBstEJCEOTc6FZiEdbiTscDmqTcMbCKaTHGu8t+6erVA4t65/Eg6uWPA==

"@swc/core-win32-ia32-msvc@1.3.24":
  version "1.3.24"
  resolved "https://registry.yarnpkg.com/@swc/core-win32-ia32-msvc/-/core-win32-ia32-msvc-1.3.24.tgz#18318199ba06cab4ead8f6122b9f30b3f452b1e7"
  integrity sha512-JfghIlscE4Rz+Lc08lSoDh+R0cWxrISed5biogFfE6vZqhaDnw3E5Qshqw7O3pIaiq8L2u1nmzuyP581ZmpbRA==

"@swc/core-win32-x64-msvc@1.3.24":
  version "1.3.24"
  resolved "https://registry.yarnpkg.com/@swc/core-win32-x64-msvc/-/core-win32-x64-msvc-1.3.24.tgz#b53746787e5af021787134d393fd67b0431f90d9"
  integrity sha512-3AmJRr0hwciwDBbzUNqaftvppzS8v9X/iv/Wl7YaVLBVpPfQvaZzfqLycvNMGLZb5vIKXR/u58txg3dRBGsJtw==

"@swc/core@^1.3.22":
  version "1.3.24"
  resolved "https://registry.yarnpkg.com/@swc/core/-/core-1.3.24.tgz#ef6b30267c1bbd48af62cbc91370fe9b3f5d6a23"
  integrity sha512-QMOTd0AgiUT3K1crxLRqd3gw0f3FC8hhH1vvlIlryvYqU4c+FJ/T2G4ZhMKLxQlZ/jX6Rhk0gKINZRBxy2GFyQ==
  optionalDependencies:
    "@swc/core-darwin-arm64" "1.3.24"
    "@swc/core-darwin-x64" "1.3.24"
    "@swc/core-linux-arm-gnueabihf" "1.3.24"
    "@swc/core-linux-arm64-gnu" "1.3.24"
    "@swc/core-linux-arm64-musl" "1.3.24"
    "@swc/core-linux-x64-gnu" "1.3.24"
    "@swc/core-linux-x64-musl" "1.3.24"
    "@swc/core-win32-arm64-msvc" "1.3.24"
    "@swc/core-win32-ia32-msvc" "1.3.24"
    "@swc/core-win32-x64-msvc" "1.3.24"

"@tanstack/query-core@4.20.4":
  version "4.20.4"
  resolved "https://registry.yarnpkg.com/@tanstack/query-core/-/query-core-4.20.4.tgz#1f7975a2db26a8bc2f382bad8a44cd422c846b17"
  integrity sha512-lhLtGVNJDsJ/DyZXrLzekDEywQqRVykgBqTmkv0La32a/RleILXy6JMLBb7UmS3QCatg/F/0N9/5b0i5j6IKcA==

"@tanstack/react-query@4.20.4":
  version "4.20.4"
  resolved "https://registry.yarnpkg.com/@tanstack/react-query/-/react-query-4.20.4.tgz#562b34fb919adea884eccaba2b5be50e8ba7fb16"
  integrity sha512-SJRxx13k/csb9lXAJfycgVA1N/yU/h3bvRNWP0+aHMfMjmbyX82FdoAcckDBbOdEyAupvb0byelNHNeypCFSyA==
  dependencies:
    "@tanstack/query-core" "4.20.4"
    use-sync-external-store "^1.2.0"

"@types/estree@*":
  version "1.0.0"
  resolved "https://registry.yarnpkg.com/@types/estree/-/estree-1.0.0.tgz#5fb2e536c1ae9bf35366eed879e827fa59ca41c2"
  integrity sha512-WulqXMDUTYAXCjZnk6JtIHPigp55cVtDgDrO2gHRwhyJto21+1zbVCtOYB2L1F9w4qCQ0rOGWBnBe0FNTiEJIQ==

"@types/prop-types@*":
  version "15.7.5"
  resolved "https://registry.yarnpkg.com/@types/prop-types/-/prop-types-15.7.5.tgz#5f19d2b85a98e9558036f6a3cacc8819420f05cf"
  integrity sha512-JCB8C6SnDoQf0cNycqd/35A7MjcnK+ZTqE7judS6o7utxUCg6imJg3QK2qzHKszlTjcj2cn+NwMB2i96ubpj7w==

"@types/react-dom@^18.0.9":
  version "18.0.10"
  resolved "https://registry.yarnpkg.com/@types/react-dom/-/react-dom-18.0.10.tgz#3b66dec56aa0f16a6cc26da9e9ca96c35c0b4352"
  integrity sha512-E42GW/JA4Qv15wQdqJq8DL4JhNpB3prJgjgapN3qJT9K2zO5IIAQh4VXvCEDupoqAwnz0cY4RlXeC/ajX5SFHg==
  dependencies:
    "@types/react" "*"

"@types/react@*", "@types/react@^18.0.26":
  version "18.0.26"
  resolved "https://registry.yarnpkg.com/@types/react/-/react-18.0.26.tgz#8ad59fc01fef8eaf5c74f4ea392621749f0b7917"
  integrity sha512-hCR3PJQsAIXyxhTNSiDFY//LhnMZWpNNr5etoCqx/iUfGc5gXWtQR2Phl908jVR6uPXacojQWTg4qRpkxTuGug==
  dependencies:
    "@types/prop-types" "*"
    "@types/scheduler" "*"
    csstype "^3.0.2"

"@types/scheduler@*":
  version "0.16.2"
  resolved "https://registry.yarnpkg.com/@types/scheduler/-/scheduler-0.16.2.tgz#1a62f89525723dde24ba1b01b092bf5df8ad4d39"
  integrity sha512-hppQEBDmlwhFAXKJX2KnWLYu5yMfi91yazPb2l+lbJiwW+wdo1gNeRA+3RgNSO39WYX2euey41KEwnqesU2Jew==

"@vitejs/plugin-react-swc@^3.0.0":
  version "3.0.1"
  resolved "https://registry.yarnpkg.com/@vitejs/plugin-react-swc/-/plugin-react-swc-3.0.1.tgz#7c904f889967f2240e04ac13582399a061468990"
  integrity sha512-3GQ2oruZO9j8dSHcI0MUeOZQBhjYyDQsF/pKY4Px+CJxn0M16OhgFeEzUjeuwci4zhhjoNIDE9aFNaV5GMQ09g==
  dependencies:
    "@swc/core" "^1.3.22"

before-after-hook@^2.2.0:
  version "2.2.3"
  resolved "https://registry.yarnpkg.com/before-after-hook/-/before-after-hook-2.2.3.tgz#c51e809c81a4e354084422b9b26bad88249c517c"
  integrity sha512-NzUnlZexiaH/46WDhANlyR2bXRopNg4F/zuSA3OpZnllCUgRaOF2znDioDWrmbNVsuZk6l9pMquQB38cfBZwkQ==

csstype@^3.0.2:
  version "3.1.1"
  resolved "https://registry.yarnpkg.com/csstype/-/csstype-3.1.1.tgz#841b532c45c758ee546a11d5bd7b7b473c8c30b9"
  integrity sha512-DJR/VvkAvSZW9bTouZue2sSxDwdTN92uHjqeKVm+0dAqdfNykRzQ95tay8aXMBAAPpUiq4Qcug2L7neoRh2Egw==

deprecation@^2.0.0, deprecation@^2.3.1:
  version "2.3.1"
  resolved "https://registry.yarnpkg.com/deprecation/-/deprecation-2.3.1.tgz#6368cbdb40abf3373b525ac87e4a260c3a700919"
  integrity sha512-xmHIy4F3scKVwMsQ4WnVaS8bHOx0DmVwRywosKhaILI0ywMDWPtBSku2HNxRvF7jtwDRsoEwYQSfbxj8b7RlJQ==

esbuild@^0.16.3:
  version "0.16.12"
  resolved "https://registry.yarnpkg.com/esbuild/-/esbuild-0.16.12.tgz#60850b9ad2f103f1c4316be42c34d5023f27378d"
  integrity sha512-eq5KcuXajf2OmivCl4e89AD3j8fbV+UTE9vczEzq5haA07U9oOTzBWlh3+6ZdjJR7Rz2QfWZ2uxZyhZxBgJ4+g==
  optionalDependencies:
    "@esbuild/android-arm" "0.16.12"
    "@esbuild/android-arm64" "0.16.12"
    "@esbuild/android-x64" "0.16.12"
    "@esbuild/darwin-arm64" "0.16.12"
    "@esbuild/darwin-x64" "0.16.12"
    "@esbuild/freebsd-arm64" "0.16.12"
    "@esbuild/freebsd-x64" "0.16.12"
    "@esbuild/linux-arm" "0.16.12"
    "@esbuild/linux-arm64" "0.16.12"
    "@esbuild/linux-ia32" "0.16.12"
    "@esbuild/linux-loong64" "0.16.12"
    "@esbuild/linux-mips64el" "0.16.12"
    "@esbuild/linux-ppc64" "0.16.12"
    "@esbuild/linux-riscv64" "0.16.12"
    "@esbuild/linux-s390x" "0.16.12"
    "@esbuild/linux-x64" "0.16.12"
    "@esbuild/netbsd-x64" "0.16.12"
    "@esbuild/openbsd-x64" "0.16.12"
    "@esbuild/sunos-x64" "0.16.12"
    "@esbuild/win32-arm64" "0.16.12"
    "@esbuild/win32-ia32" "0.16.12"
    "@esbuild/win32-x64" "0.16.12"

estree-walker@^2.0.1:
  version "2.0.2"
  resolved "https://registry.yarnpkg.com/estree-walker/-/estree-walker-2.0.2.tgz#52f010178c2a4c117a7757cfe942adb7d2da4cac"
  integrity sha512-Rfkk/Mp/DL7JVje3u18FxFujQlTNR2q6QfMSMB7AvCBx91NGj/ba3kCfza0f6dVDbw7YlRf/nDrn7pQrCCyQ/w==

fsevents@~2.3.2:
  version "2.3.2"
  resolved "https://registry.yarnpkg.com/fsevents/-/fsevents-2.3.2.tgz#8a526f78b8fdf4623b709e0b975c52c24c02fd1a"
  integrity sha512-xiqMQR4xAeHTuB9uWm+fFRcIOgKBMiOBP+eXiyT7jsgVCq1bkVygt00oASowB7EdtpOHaaPgKt812P9ab+DDKA==

function-bind@^1.1.1:
  version "1.1.1"
  resolved "https://registry.yarnpkg.com/function-bind/-/function-bind-1.1.1.tgz#a56899d3ea3c9bab874bb9773b7c5ede92f4895d"
  integrity sha512-yIovAzMX49sF8Yl58fSCWJ5svSLuaibPxXQJFLmBObTuCr0Mf1KiPopGM9NiFjiYBCbfaa2Fh6breQ6ANVTI0A==

has@^1.0.3:
  version "1.0.3"
  resolved "https://registry.yarnpkg.com/has/-/has-1.0.3.tgz#722d7cbfc1f6aa8241f16dd814e011e1f41e8796"
  integrity sha512-f2dvO0VU6Oej7RkWJGrehjbzMAjFp5/VKPp5tTpWIV4JHHZK1/BxbFRtf/siA2SWTe09caDmVtYYzWEIbBS4zw==
  dependencies:
    function-bind "^1.1.1"

is-core-module@^2.9.0:
  version "2.11.0"
  resolved "https://registry.yarnpkg.com/is-core-module/-/is-core-module-2.11.0.tgz#ad4cb3e3863e814523c96f3f58d26cc570ff0144"
  integrity sha512-RRjxlvLDkD1YJwDbroBHMb+cukurkDWNyHx7D3oNB5x9rb5ogcksMC5wHCadcXoo67gVr/+3GFySh3134zi6rw==
  dependencies:
    has "^1.0.3"

is-plain-object@^5.0.0:
  version "5.0.0"
  resolved "https://registry.yarnpkg.com/is-plain-object/-/is-plain-object-5.0.0.tgz#4427f50ab3429e9025ea7d52e9043a9ef4159344"
  integrity sha512-VRSzKkbMm5jMDoKLbltAkFQ5Qr7VDiTFGXxYFXXowVj387GeGNOCsOH6Msy00SGZ3Fp84b1Naa1psqgcCIEP5Q==

is-reference@^1.2.1:
  version "1.2.1"
  resolved "https://registry.yarnpkg.com/is-reference/-/is-reference-1.2.1.tgz#8b2dac0b371f4bc994fdeaba9eb542d03002d0b7"
  integrity sha512-U82MsXXiFIrjCK4otLT+o2NA2Cd2g5MLoOVXUZjIOhLurrRxpEXzI8O0KZHr3IjLvlAH1kTPYSuqer5T9ZVBKQ==
  dependencies:
    "@types/estree" "*"

"js-tokens@^3.0.0 || ^4.0.0":
  version "4.0.0"
  resolved "https://registry.yarnpkg.com/js-tokens/-/js-tokens-4.0.0.tgz#19203fb59991df98e3a287050d4647cdeaf32499"
  integrity sha512-RdJUflcE3cUzKiMqQgsCu06FPu9UdIJO0beYbPhHN4k6apgJtifcoCtT9bcxOpYBtpD2kCM6Sbzg4CausW/PKQ==

loose-envify@^1.1.0:
  version "1.4.0"
  resolved "https://registry.yarnpkg.com/loose-envify/-/loose-envify-1.4.0.tgz#71ee51fa7be4caec1a63839f7e682d8132d30caf"
  integrity sha512-lyuxPGr/Wfhrlem2CL/UcnUc1zcqKAImBDzukY7Y5F/yQiNdko6+fRLevlw1HgMySw7f611UIY408EtxRSoK3Q==
  dependencies:
    js-tokens "^3.0.0 || ^4.0.0"

magic-string@^0.25.7:
  version "0.25.9"
  resolved "https://registry.yarnpkg.com/magic-string/-/magic-string-0.25.9.tgz#de7f9faf91ef8a1c91d02c2e5314c8277dbcdd1c"
  integrity sha512-RmF0AsMzgt25qzqqLc1+MbHmhdx0ojF2Fvs4XnOqz2ZOBXzzkEwc/dJQZCYHAn7v1jbVOjAZfK8msRn4BxO4VQ==
  dependencies:
    sourcemap-codec "^1.4.8"

nanoid@^3.3.4:
  version "3.3.4"
  resolved "https://registry.yarnpkg.com/nanoid/-/nanoid-3.3.4.tgz#730b67e3cd09e2deacf03c027c81c9d9dbc5e8ab"
  integrity sha512-MqBkQh/OHTS2egovRtLk45wEyNXwF+cokD+1YPf9u5VfJiRdAiRwB2froX5Co9Rh20xs4siNPm8naNotSD6RBw==

node-fetch@^2.6.7:
  version "2.6.7"
  resolved "https://registry.yarnpkg.com/node-fetch/-/node-fetch-2.6.7.tgz#24de9fba827e3b4ae44dc8b20256a379160052ad"
  integrity sha512-ZjMPFEfVx5j+y2yF35Kzx5sF7kDzxuDj6ziH4FFbOp87zKDZNx8yExJIb05OGF4Nlt9IHFIMBkRl41VdvcNdbQ==
  dependencies:
    whatwg-url "^5.0.0"

once@^1.4.0:
  version "1.4.0"
  resolved "https://registry.yarnpkg.com/once/-/once-1.4.0.tgz#583b1aa775961d4b113ac17d9c50baef9dd76bd1"
  integrity sha512-lNaJgI+2Q5URQBkccEKHTQOPaXdUxnZZElQTZY0MFUAuaEqe1E+Nyvgdz/aIyNi6Z9MzO5dv1H8n58/GELp3+w==
  dependencies:
    wrappy "1"

path-parse@^1.0.7:
  version "1.0.7"
  resolved "https://registry.yarnpkg.com/path-parse/-/path-parse-1.0.7.tgz#fbc114b60ca42b30d9daf5858e4bd68bbedb6735"
  integrity sha512-LDJzPVEEEPR+y48z93A0Ed0yXb8pAByGWo/k5YYdYgpY2/2EsOsksJrq7lOHxryrVOn1ejG6oAp8ahvOIQD8sw==

picocolors@^1.0.0:
  version "1.0.0"
  resolved "https://registry.yarnpkg.com/picocolors/-/picocolors-1.0.0.tgz#cb5bdc74ff3f51892236eaf79d68bc44564ab81c"
  integrity sha512-1fygroTLlHu66zi26VoTDv8yRgm0Fccecssto+MhsZ0D/DGW2sm8E8AjW7NU5VVTRt5GxbeZ5qBuJr+HyLYkjQ==

picomatch@^2.2.2:
  version "2.3.1"
  resolved "https://registry.yarnpkg.com/picomatch/-/picomatch-2.3.1.tgz#3ba3833733646d9d3e4995946c1365a67fb07a42"
  integrity sha512-JU3teHTNjmE2VCGFzuY8EXzCDVwEqB2a8fsIvwaStHhAWJEeVd1o1QD80CU6+ZdEXXSLbSsuLwJjkCBWqRQUVA==

postcss@^8.4.20:
  version "8.4.20"
  resolved "https://registry.yarnpkg.com/postcss/-/postcss-8.4.20.tgz#64c52f509644cecad8567e949f4081d98349dc56"
  integrity sha512-6Q04AXR1212bXr5fh03u8aAwbLxAQNGQ/Q1LNa0VfOI06ZAlhPHtQvE4OIdpj4kLThXilalPnmDSOD65DcHt+g==
  dependencies:
    nanoid "^3.3.4"
    picocolors "^1.0.0"
    source-map-js "^1.0.2"

react-dom@^18.2.0:
  version "18.2.0"
  resolved "https://registry.yarnpkg.com/react-dom/-/react-dom-18.2.0.tgz#22aaf38708db2674ed9ada224ca4aa708d821e3d"
  integrity sha512-6IMTriUmvsjHUjNtEDudZfuDQUoWXVxKHhlEGSk81n4YFS+r/Kl99wXiwlVXtPBtJenozv2P+hxDsw9eA7Xo6g==
  dependencies:
    loose-envify "^1.1.0"
    scheduler "^0.23.0"

react-login-github@1.0.8:
  version "1.0.8"
  resolved "https://registry.yarnpkg.com/react-login-github/-/react-login-github-1.0.8.tgz#2262024270e7ba001b998996781620c98a3fa2dd"
  integrity sha512-Et30Hx8eV7vmqQpEma0DyYKak2RMGX7le0OC3R49vdeOfoJL4+RaTS4IeqDgWrAmyFWs9oWLamvvXbG67Mmr4A==

react@^18.2.0:
  version "18.2.0"
  resolved "https://registry.yarnpkg.com/react/-/react-18.2.0.tgz#555bd98592883255fa00de14f1151a917b5d77d5"
  integrity sha512-/3IjMdb2L9QbBdWiW5e3P2/npwMBaU9mHCSCUzNln0ZCYbcfTsGbTJrU/kGemdH2IWmB2ioZ+zkxtmq6g09fGQ==
  dependencies:
    loose-envify "^1.1.0"

redaxios@0.5.1:
  version "0.5.1"
  resolved "https://registry.yarnpkg.com/redaxios/-/redaxios-0.5.1.tgz#a2e21c9337f615c23d8ceadb7c9f0a1844762d21"
  integrity sha512-FSD2AmfdbkYwl7KDExYQlVvIrFz6Yd83pGfaGjBzM9F6rpq8g652Q4Yq5QD4c+nf4g2AgeElv1y+8ajUPiOYMg==

resolve@^1.22.1:
  version "1.22.1"
  resolved "https://registry.yarnpkg.com/resolve/-/resolve-1.22.1.tgz#27cb2ebb53f91abb49470a928bba7558066ac177"
  integrity sha512-nBpuuYuY5jFsli/JIs1oldw6fOQCBioohqWZg/2hiaOybXOft4lonv85uDOKXdf8rhyK159cxU5cDcK/NKk8zw==
  dependencies:
    is-core-module "^2.9.0"
    path-parse "^1.0.7"
    supports-preserve-symlinks-flag "^1.0.0"

rollup-plugin-external-globals@^0.6.1:
  version "0.6.1"
  resolved "https://registry.yarnpkg.com/rollup-plugin-external-globals/-/rollup-plugin-external-globals-0.6.1.tgz#861c260b5727144e0fd1b424b103f9f0282fc365"
  integrity sha512-mlp3KNa5sE4Sp9UUR2rjBrxjG79OyZAh/QC18RHIjM+iYkbBwNXSo8DHRMZWtzJTrH8GxQ+SJvCTN3i14uMXIA==
  dependencies:
    "@rollup/pluginutils" "^4.0.0"
    estree-walker "^2.0.1"
    is-reference "^1.2.1"
    magic-string "^0.25.7"

rollup@^3.7.0:
  version "3.9.0"
  resolved "https://registry.yarnpkg.com/rollup/-/rollup-3.9.0.tgz#0ff7ab7cd71ce3a6ab140c5cf661f2b35eb6aab8"
  integrity sha512-nGGylpmblyjTpF4lEUPgmOw6OVxRvnI6Iuuh6Lz4O/X66cVOX1XJSsqP1YamxQ+mPuFE7qJxLFDSCk8rNv5dDw==
  optionalDependencies:
    fsevents "~2.3.2"

scheduler@^0.23.0:
  version "0.23.0"
  resolved "https://registry.yarnpkg.com/scheduler/-/scheduler-0.23.0.tgz#ba8041afc3d30eb206a487b6b384002e4e61fdfe"
  integrity sha512-CtuThmgHNg7zIZWAXi3AsyIzA3n4xx7aNyjwC2VJldO2LMVDhFK+63xGqq6CsJH4rTAt6/M+N4GhZiDYPx9eUw==
  dependencies:
    loose-envify "^1.1.0"

source-map-js@^1.0.2:
  version "1.0.2"
  resolved "https://registry.yarnpkg.com/source-map-js/-/source-map-js-1.0.2.tgz#adbc361d9c62df380125e7f161f71c826f1e490c"
  integrity sha512-R0XvVJ9WusLiqTCEiGCmICCMplcCkIwwR11mOSD9CR5u+IXYdiseeEuXCVAjS54zqwkLcPNnmU4OeJ6tUrWhDw==

sourcemap-codec@^1.4.8:
  version "1.4.8"
  resolved "https://registry.yarnpkg.com/sourcemap-codec/-/sourcemap-codec-1.4.8.tgz#ea804bd94857402e6992d05a38ef1ae35a9ab4c4"
  integrity sha512-9NykojV5Uih4lgo5So5dtw+f0JgJX30KCNI8gwhz2J9A15wD0Ml6tjHKwf6fTSa6fAdVBdZeNOs9eJ71qCk8vA==

supports-preserve-symlinks-flag@^1.0.0:
  version "1.0.0"
  resolved "https://registry.yarnpkg.com/supports-preserve-symlinks-flag/-/supports-preserve-symlinks-flag-1.0.0.tgz#6eda4bd344a3c94aea376d4cc31bc77311039e09"
  integrity sha512-ot0WnXS9fgdkgIcePe6RHNk1WA8+muPa6cSjeR3V8K27q9BB1rTE3R1p7Hv0z1ZyAc8s6Vvv8DIyWf681MAt0w==

tr46@~0.0.3:
  version "0.0.3"
  resolved "https://registry.yarnpkg.com/tr46/-/tr46-0.0.3.tgz#8184fd347dac9cdc185992f3a6622e14b9d9ab6a"
  integrity sha512-N3WMsuqV66lT30CrXNbEjx4GEwlow3v6rr4mCcv6prnfwhS01rkgyFdjPNBYd9br7LpXV1+Emh01fHnq2Gdgrw==

typescript@^4.9.3:
  version "4.9.4"
  resolved "https://registry.yarnpkg.com/typescript/-/typescript-4.9.4.tgz#a2a3d2756c079abda241d75f149df9d561091e78"
  integrity sha512-Uz+dTXYzxXXbsFpM86Wh3dKCxrQqUcVMxwU54orwlJjOpO3ao8L7j5lH+dWfTwgCwIuM9GQ2kvVotzYJMXTBZg==

universal-user-agent@^6.0.0:
  version "6.0.0"
  resolved "https://registry.yarnpkg.com/universal-user-agent/-/universal-user-agent-6.0.0.tgz#3381f8503b251c0d9cd21bc1de939ec9df5480ee"
  integrity sha512-isyNax3wXoKaulPDZWHQqbmIx1k2tb9fb3GGDBRxCscfYV2Ch7WxPArBsFEG8s/safwXTT7H4QGhaIkTp9447w==

use-sync-external-store@^1.2.0:
  version "1.2.0"
  resolved "https://registry.yarnpkg.com/use-sync-external-store/-/use-sync-external-store-1.2.0.tgz#7dbefd6ef3fe4e767a0cf5d7287aacfb5846928a"
  integrity sha512-eEgnFxGQ1Ife9bzYs6VLi8/4X6CObHMw9Qr9tPY43iKwsPw8xE8+EFsf/2cFZ5S3esXgpWgtSCtLNS41F+sKPA==

vite-plugin-cdn-import@^0.3.5:
  version "0.3.5"
  resolved "https://registry.yarnpkg.com/vite-plugin-cdn-import/-/vite-plugin-cdn-import-0.3.5.tgz#b9cfbb076fd2bc1e8ae666e65450a864972dee81"
  integrity sha512-e1raoalfBiIhv+hnMeSp1UNjloDDBhHpeFxkwRRdPBmTdDRqdEEn8owUmT5u8UBSVCs4xN3n/od4a91vXEhXPQ==
  dependencies:
    rollup-plugin-external-globals "^0.6.1"

vite@^4.0.0:
  version "4.0.3"
  resolved "https://registry.yarnpkg.com/vite/-/vite-4.0.3.tgz#de27ad3f263a03ae9419cdc8bc07721eadcba8b9"
  integrity sha512-HvuNv1RdE7deIfQb8mPk51UKjqptO/4RXZ5yXSAvurd5xOckwS/gg8h9Tky3uSbnjYTgUm0hVCet1cyhKd73ZA==
  dependencies:
    esbuild "^0.16.3"
    postcss "^8.4.20"
    resolve "^1.22.1"
    rollup "^3.7.0"
  optionalDependencies:
    fsevents "~2.3.2"

webidl-conversions@^3.0.0:
  version "3.0.1"
  resolved "https://registry.yarnpkg.com/webidl-conversions/-/webidl-conversions-3.0.1.tgz#24534275e2a7bc6be7bc86611cc16ae0a5654871"
  integrity sha512-2JAn3z8AR6rjK8Sm8orRC0h/bcl/DqL7tRPdGZ4I1CjdF+EaMLmYxBHyXuKL849eucPFhvBoxMsflfOb8kxaeQ==

whatwg-url@^5.0.0:
  version "5.0.0"
  resolved "https://registry.yarnpkg.com/whatwg-url/-/whatwg-url-5.0.0.tgz#966454e8765462e37644d3626f6742ce8b70965d"
  integrity sha512-saE57nupxk6v3HY35+jzBwYa0rKSy0XR8JSxZPwgLr7ys0IBzhGviA1/TUGJLmSVqs8pb9AnvICXEuOHLprYTw==
  dependencies:
    tr46 "~0.0.3"
    webidl-conversions "^3.0.0"

wrappy@1:
  version "1.0.2"
  resolved "https://registry.yarnpkg.com/wrappy/-/wrappy-1.0.2.tgz#b5243d8f3ec1aa35f1364605bc0d1036e30ab69f"
  integrity sha512-l4Sp/DRseor9wL6EvV2+TuQn63dMkPjZ/sp9XkghTEbV9KlPS1xUsZ3u7/IQO4wxtcFB4bgpQPRcR3QCvezPcQ==
